
Microsoft Visual Studio Solution File, Format Version 12.00
# Visual Studio Version 17
VisualStudioVersion = 17.7.34024.191
MinimumVisualStudioVersion = 10.0.40219.1
Project("{8BC9CEB8-8B4A-11D0-8D11-00A0C91BC942}") = "Task1`", "Task1`\Task1`.vcxproj", "{71A5D3BD-5ACE-4F47-BE3E-7A11239B1FC9}"
EndProject
Project("{8BC9CEB8-8B4A-11D0-8D11-00A0C91BC942}") = "Task2", "Task2\Task2.vcxproj", "{C0000020-086C-4AA0-ABB3-90035B9FA609}"
EndProject
Project("{8BC9CEB8-8B4A-11D0-8D11-00A0C91BC942}") = "Task3", "Task3\Task3.vcxproj", "{CBDFEE95-6265-4505-B7E4-DAC180FE07C4}"
EndProject
Project("{8BC9CEB8-8B4A-11D0-8D11-00A0C91BC942}") = "Task4", "Task4\Task4.vcxproj", "{DB81E98F-1A49-42CA-95B5-B30E406EDDD9}"
EndProject
Project("{8BC9CEB8-8B4A-11D0-8D11-00A0C91BC942}") = "Task5", "Task5\Task5.vcxproj", "{11DA7396-24C9-474E-8BBA-7B2E15BEF552}"
EndProject
Project("{8BC9CEB8-8B4A-11D0-8D11-00A0C91BC942}") = "Task6", "Task6\Task6.vcxproj", "{3216F908-BAAF-4DDB-9F12-FDAFBFA21A3F}"
EndProject
Project("{8BC9CEB8-8B4A-11D0-8D11-00A0C91BC942}") = "Task7", "Task7\Task7.vcxproj", "{2D6DF136-ADAF-41B2-9FDA-EB319DE42C73}"
EndProject
Project("{8BC9CEB8-8B4A-11D0-8D11-00A0C91BC942}") = "Task8", "Task8\Task8.vcxproj", "{F5CB5BC8-9EFB-4949-BA3C-0B882E0C6C1C}"
EndProject
Project("{8BC9CEB8-8B4A-11D0-8D11-00A0C91BC942}") = "Task9", "Task9\Task9.vcxproj", "{9A908F2F-A340-4E41-ADC5-6E7BE9BB192D}"
EndProject
Global
	GlobalSection(SolutionConfigurationPlatforms) = preSolution
		Debug|x64 = Debug|x64
		Debug|x86 = Debug|x86
		Release|x64 = Release|x64
		Release|x86 = Release|x86
	EndGlobalSection
	GlobalSection(ProjectConfigurationPlatforms) = postSolution
		{71A5D3BD-5ACE-4F47-BE3E-7A11239B1FC9}.Debug|x64.ActiveCfg = Debug|x64
		{71A5D3BD-5ACE-4F47-BE3E-7A11239B1FC9}.Debug|x64.Build.0 = Debug|x64
		{71A5D3BD-5ACE-4F47-BE3E-7A11239B1FC9}.Debug|x86.ActiveCfg = Debug|Win32
		{71A5D3BD-5ACE-4F47-BE3E-7A11239B1FC9}.Debug|x86.Build.0 = Debug|Win32
		{71A5D3BD-5ACE-4F47-BE3E-7A11239B1FC9}.Release|x64.ActiveCfg = Release|x64
		{71A5D3BD-5ACE-4F47-BE3E-7A11239B1FC9}.Release|x64.Build.0 = Release|x64
		{71A5D3BD-5ACE-4F47-BE3E-7A11239B1FC9}.Release|x86.ActiveCfg = Release|Win32
		{71A5D3BD-5ACE-4F47-BE3E-7A11239B1FC9}.Release|x86.Build.0 = Release|Win32
		{C0000020-086C-4AA0-ABB3-90035B9FA609}.Debug|x64.ActiveCfg = Debug|x64
		{C0000020-086C-4AA0-ABB3-90035B9FA609}.Debug|x64.Build.0 = Debug|x64
		{C0000020-086C-4AA0-ABB3-90035B9FA609}.Debug|x86.ActiveCfg = Debug|Win32
		{C0000020-086C-4AA0-ABB3-90035B9FA609}.Debug|x86.Build.0 = Debug|Win32
		{C0000020-086C-4AA0-ABB3-90035B9FA609}.Release|x64.ActiveCfg = Release|x64
		{C0000020-086C-4AA0-ABB3-90035B9FA609}.Release|x64.Build.0 = Release|x64
		{C0000020-086C-4AA0-ABB3-90035B9FA609}.Release|x86.ActiveCfg = Release|Win32
		{C0000020-086C-4AA0-ABB3-90035B9FA609}.Release|x86.Build.0 = Release|Win32
		{CBDFEE95-6265-4505-B7E4-DAC180FE07C4}.Debug|x64.ActiveCfg = Debug|x64
		{CBDFEE95-6265-4505-B7E4-DAC180FE07C4}.Debug|x64.Build.0 = Debug|x64
		{CBDFEE95-6265-4505-B7E4-DAC180FE07C4}.Debug|x86.ActiveCfg = Debug|Win32
		{CBDFEE95-6265-4505-B7E4-DAC180FE07C4}.Debug|x86.Build.0 = Debug|Win32
		{CBDFEE95-6265-4505-B7E4-DAC180FE07C4}.Release|x64.ActiveCfg = Release|x64
		{CBDFEE95-6265-4505-B7E4-DAC180FE07C4}.Release|x64.Build.0 = Release|x64
		{CBDFEE95-6265-4505-B7E4-DAC180FE07C4}.Release|x86.ActiveCfg = Release|Win32
		{CBDFEE95-6265-4505-B7E4-DAC180FE07C4}.Release|x86.Build.0 = Release|Win32
		{DB81E98F-1A49-42CA-95B5-B30E406EDDD9}.Debug|x64.ActiveCfg = Debug|x64
		{DB81E98F-1A49-42CA-95B5-B30E406EDDD9}.Debug|x64.Build.0 = Debug|x64
		{DB81E98F-1A49-42CA-95B5-B30E406EDDD9}.Debug|x86.ActiveCfg = Debug|Win32
		{DB81E98F-1A49-42CA-95B5-B30E406EDDD9}.Debug|x86.Build.0 = Debug|Win32
		{DB81E98F-1A49-42CA-95B5-B30E406EDDD9}.Release|x64.ActiveCfg = Release|x64
		{DB81E98F-1A49-42CA-95B5-B30E406EDDD9}.Release|x64.Build.0 = Release|x64
		{DB81E98F-1A49-42CA-95B5-B30E406EDDD9}.Release|x86.ActiveCfg = Release|Win32
		{DB81E98F-1A49-42CA-95B5-B30E406EDDD9}.Release|x86.Build.0 = Release|Win32
		{11DA7396-24C9-474E-8BBA-7B2E15BEF552}.Debug|x64.ActiveCfg = Debug|x64
		{11DA7396-24C9-474E-8BBA-7B2E15BEF552}.Debug|x64.Build.0 = Debug|x64
		{11DA7396-24C9-474E-8BBA-7B2E15BEF552}.Debug|x86.ActiveCfg = Debug|Win32
		{11DA7396-24C9-474E-8BBA-7B2E15BEF552}.Debug|x86.Build.0 = Debug|Win32
		{11DA7396-24C9-474E-8BBA-7B2E15BEF552}.Release|x64.ActiveCfg = Release|x64
		{11DA7396-24C9-474E-8BBA-7B2E15BEF552}.Release|x64.Build.0 = Release|x64
		{11DA7396-24C9-474E-8BBA-7B2E15BEF552}.Release|x86.ActiveCfg = Release|Win32
		{11DA7396-24C9-474E-8BBA-7B2E15BEF552}.Release|x86.Build.0 = Release|Win32
		{3216F908-BAAF-4DDB-9F12-FDAFBFA21A3F}.Debug|x64.ActiveCfg = Debug|x64
		{3216F908-BAAF-4DDB-9F12-FDAFBFA21A3F}.Debug|x64.Build.0 = Debug|x64
		{3216F908-BAAF-4DDB-9F12-FDAFBFA21A3F}.Debug|x86.ActiveCfg = Debug|Win32
		{3216F908-BAAF-4DDB-9F12-FDAFBFA21A3F}.Debug|x86.Build.0 = Debug|Win32
		{3216F908-BAAF-4DDB-9F12-FDAFBFA21A3F}.Release|x64.ActiveCfg = Release|x64
		{3216F908-BAAF-4DDB-9F12-FDAFBFA21A3F}.Release|x64.Build.0 = Release|x64
		{3216F908-BAAF-4DDB-9F12-FDAFBFA21A3F}.Release|x86.ActiveCfg = Release|Win32
		{3216F908-BAAF-4DDB-9F12-FDAFBFA21A3F}.Release|x86.Build.0 = Release|Win32
		{2D6DF136-ADAF-41B2-9FDA-EB319DE42C73}.Debug|x64.ActiveCfg = Debug|x64
		{2D6DF136-ADAF-41B2-9FDA-EB319DE42C73}.Debug|x64.Build.0 = Debug|x64
		{2D6DF136-ADAF-41B2-9FDA-EB319DE42C73}.Debug|x86.ActiveCfg = Debug|Win32
		{2D6DF136-ADAF-41B2-9FDA-EB319DE42C73}.Debug|x86.Build.0 = Debug|Win32
		{2D6DF136-ADAF-41B2-9FDA-EB319DE42C73}.Release|x64.ActiveCfg = Release|x64
		{2D6DF136-ADAF-41B2-9FDA-EB319DE42C73}.Release|x64.Build.0 = Release|x64
		{2D6DF136-ADAF-41B2-9FDA-EB319DE42C73}.Release|x86.ActiveCfg = Release|Win32
		{2D6DF136-ADAF-41B2-9FDA-EB319DE42C73}.Release|x86.Build.0 = Release|Win32
		{F5CB5BC8-9EFB-4949-BA3C-0B882E0C6C1C}.Debug|x64.ActiveCfg = Debug|x64
		{F5CB5BC8-9EFB-4949-BA3C-0B882E0C6C1C}.Debug|x64.Build.0 = Debug|x64
		{F5CB5BC8-9EFB-4949-BA3C-0B882E0C6C1C}.Debug|x86.ActiveCfg = Debug|Win32
		{F5CB5BC8-9EFB-4949-BA3C-0B882E0C6C1C}.Debug|x86.Build.0 = Debug|Win32
		{F5CB5BC8-9EFB-4949-BA3C-0B882E0C6C1C}.Release|x64.ActiveCfg = Release|x64
		{F5CB5BC8-9EFB-4949-BA3C-0B882E0C6C1C}.Release|x64.Build.0 = Release|x64
		{F5CB5BC8-9EFB-4949-BA3C-0B882E0C6C1C}.Release|x86.ActiveCfg = Release|Win32
		{F5CB5BC8-9EFB-4949-BA3C-0B882E0C6C1C}.Release|x86.Build.0 = Release|Win32
		{9A908F2F-A340-4E41-ADC5-6E7BE9BB192D}.Debug|x64.ActiveCfg = Debug|x64
		{9A908F2F-A340-4E41-ADC5-6E7BE9BB192D}.Debug|x64.Build.0 = Debug|x64
		{9A908F2F-A340-4E41-ADC5-6E7BE9BB192D}.Debug|x86.ActiveCfg = Debug|Win32
		{9A908F2F-A340-4E41-ADC5-6E7BE9BB192D}.Debug|x86.Build.0 = Debug|Win32
		{9A908F2F-A340-4E41-ADC5-6E7BE9BB192D}.Release|x64.ActiveCfg = Release|x64
		{9A908F2F-A340-4E41-ADC5-6E7BE9BB192D}.Release|x64.Build.0 = Release|x64
		{9A908F2F-A340-4E41-ADC5-6E7BE9BB192D}.Release|x86.ActiveCfg = Release|Win32
		{9A908F2F-A340-4E41-ADC5-6E7BE9BB192D}.Release|x86.Build.0 = Release|Win32
	EndGlobalSection
	GlobalSection(SolutionProperties) = preSolution
		HideSolutionNode = FALSE
	EndGlobalSection
	GlobalSection(ExtensibilityGlobals) = postSolution
		SolutionGuid = {420A12C4-C2DA-4AF4-AB96-653921CFEB00}
	EndGlobalSection
EndGlobal
