
Microsoft Visual Studio Solution File, Format Version 12.00
# Visual Studio Version 17
VisualStudioVersion = 17.7.34024.191
MinimumVisualStudioVersion = 10.0.40219.1
Project("{8BC9CEB8-8B4A-11D0-8D11-00A0C91BC942}") = "Task6", "Task6\Task6.vcxproj", "{15313B85-C944-4D69-B606-75F5B15A3498}"
EndProject
Project("{8BC9CEB8-8B4A-11D0-8D11-00A0C91BC942}") = "Task1", "Task1\Task1.vcxproj", "{DDCA26D2-C660-465E-BE3A-61F5FA665016}"
EndProject
Project("{8BC9CEB8-8B4A-11D0-8D11-00A0C91BC942}") = "Task2", "Task2\Task2.vcxproj", "{10DE12AD-A4DF-48F9-A3B8-B134BDA8F211}"
EndProject
Project("{8BC9CEB8-8B4A-11D0-8D11-00A0C91BC942}") = "Task3", "Task3\Task3.vcxproj", "{B9451FED-845E-4733-9ADB-7F365911EB11}"
EndProject
Project("{8BC9CEB8-8B4A-11D0-8D11-00A0C91BC942}") = "Task4", "Task4\Task4.vcxproj", "{C0452E09-D655-44F0-980D-B68FD31C94D4}"
EndProject
Project("{8BC9CEB8-8B4A-11D0-8D11-00A0C91BC942}") = "Task5", "Task5\Task5.vcxproj", "{EBEF53EF-03E1-4B7C-A12D-8CB880CD21D4}"
EndProject
Project("{8BC9CEB8-8B4A-11D0-8D11-00A0C91BC942}") = "Task7", "Task7\Task7.vcxproj", "{B6BBAE05-FEAB-4843-9EAB-62C115131BD1}"
EndProject
Global
	GlobalSection(SolutionConfigurationPlatforms) = preSolution
		Debug|x64 = Debug|x64
		Debug|x86 = Debug|x86
		Release|x64 = Release|x64
		Release|x86 = Release|x86
	EndGlobalSection
	GlobalSection(ProjectConfigurationPlatforms) = postSolution
		{15313B85-C944-4D69-B606-75F5B15A3498}.Debug|x64.ActiveCfg = Debug|x64
		{15313B85-C944-4D69-B606-75F5B15A3498}.Debug|x64.Build.0 = Debug|x64
		{15313B85-C944-4D69-B606-75F5B15A3498}.Debug|x86.ActiveCfg = Debug|Win32
		{15313B85-C944-4D69-B606-75F5B15A3498}.Debug|x86.Build.0 = Debug|Win32
		{15313B85-C944-4D69-B606-75F5B15A3498}.Release|x64.ActiveCfg = Release|x64
		{15313B85-C944-4D69-B606-75F5B15A3498}.Release|x64.Build.0 = Release|x64
		{15313B85-C944-4D69-B606-75F5B15A3498}.Release|x86.ActiveCfg = Release|Win32
		{15313B85-C944-4D69-B606-75F5B15A3498}.Release|x86.Build.0 = Release|Win32
		{DDCA26D2-C660-465E-BE3A-61F5FA665016}.Debug|x64.ActiveCfg = Debug|x64
		{DDCA26D2-C660-465E-BE3A-61F5FA665016}.Debug|x64.Build.0 = Debug|x64
		{DDCA26D2-C660-465E-BE3A-61F5FA665016}.Debug|x86.ActiveCfg = Debug|Win32
		{DDCA26D2-C660-465E-BE3A-61F5FA665016}.Debug|x86.Build.0 = Debug|Win32
		{DDCA26D2-C660-465E-BE3A-61F5FA665016}.Release|x64.ActiveCfg = Release|x64
		{DDCA26D2-C660-465E-BE3A-61F5FA665016}.Release|x64.Build.0 = Release|x64
		{DDCA26D2-C660-465E-BE3A-61F5FA665016}.Release|x86.ActiveCfg = Release|Win32
		{DDCA26D2-C660-465E-BE3A-61F5FA665016}.Release|x86.Build.0 = Release|Win32
		{10DE12AD-A4DF-48F9-A3B8-B134BDA8F211}.Debug|x64.ActiveCfg = Debug|x64
		{10DE12AD-A4DF-48F9-A3B8-B134BDA8F211}.Debug|x64.Build.0 = Debug|x64
		{10DE12AD-A4DF-48F9-A3B8-B134BDA8F211}.Debug|x86.ActiveCfg = Debug|Win32
		{10DE12AD-A4DF-48F9-A3B8-B134BDA8F211}.Debug|x86.Build.0 = Debug|Win32
		{10DE12AD-A4DF-48F9-A3B8-B134BDA8F211}.Release|x64.ActiveCfg = Release|x64
		{10DE12AD-A4DF-48F9-A3B8-B134BDA8F211}.Release|x64.Build.0 = Release|x64
		{10DE12AD-A4DF-48F9-A3B8-B134BDA8F211}.Release|x86.ActiveCfg = Release|Win32
		{10DE12AD-A4DF-48F9-A3B8-B134BDA8F211}.Release|x86.Build.0 = Release|Win32
		{B9451FED-845E-4733-9ADB-7F365911EB11}.Debug|x64.ActiveCfg = Debug|x64
		{B9451FED-845E-4733-9ADB-7F365911EB11}.Debug|x64.Build.0 = Debug|x64
		{B9451FED-845E-4733-9ADB-7F365911EB11}.Debug|x86.ActiveCfg = Debug|Win32
		{B9451FED-845E-4733-9ADB-7F365911EB11}.Debug|x86.Build.0 = Debug|Win32
		{B9451FED-845E-4733-9ADB-7F365911EB11}.Release|x64.ActiveCfg = Release|x64
		{B9451FED-845E-4733-9ADB-7F365911EB11}.Release|x64.Build.0 = Release|x64
		{B9451FED-845E-4733-9ADB-7F365911EB11}.Release|x86.ActiveCfg = Release|Win32
		{B9451FED-845E-4733-9ADB-7F365911EB11}.Release|x86.Build.0 = Release|Win32
		{C0452E09-D655-44F0-980D-B68FD31C94D4}.Debug|x64.ActiveCfg = Debug|x64
		{C0452E09-D655-44F0-980D-B68FD31C94D4}.Debug|x64.Build.0 = Debug|x64
		{C0452E09-D655-44F0-980D-B68FD31C94D4}.Debug|x86.ActiveCfg = Debug|Win32
		{C0452E09-D655-44F0-980D-B68FD31C94D4}.Debug|x86.Build.0 = Debug|Win32
		{C0452E09-D655-44F0-980D-B68FD31C94D4}.Release|x64.ActiveCfg = Release|x64
		{C0452E09-D655-44F0-980D-B68FD31C94D4}.Release|x64.Build.0 = Release|x64
		{C0452E09-D655-44F0-980D-B68FD31C94D4}.Release|x86.ActiveCfg = Release|Win32
		{C0452E09-D655-44F0-980D-B68FD31C94D4}.Release|x86.Build.0 = Release|Win32
		{EBEF53EF-03E1-4B7C-A12D-8CB880CD21D4}.Debug|x64.ActiveCfg = Debug|x64
		{EBEF53EF-03E1-4B7C-A12D-8CB880CD21D4}.Debug|x64.Build.0 = Debug|x64
		{EBEF53EF-03E1-4B7C-A12D-8CB880CD21D4}.Debug|x86.ActiveCfg = Debug|Win32
		{EBEF53EF-03E1-4B7C-A12D-8CB880CD21D4}.Debug|x86.Build.0 = Debug|Win32
		{EBEF53EF-03E1-4B7C-A12D-8CB880CD21D4}.Release|x64.ActiveCfg = Release|x64
		{EBEF53EF-03E1-4B7C-A12D-8CB880CD21D4}.Release|x64.Build.0 = Release|x64
		{EBEF53EF-03E1-4B7C-A12D-8CB880CD21D4}.Release|x86.ActiveCfg = Release|Win32
		{EBEF53EF-03E1-4B7C-A12D-8CB880CD21D4}.Release|x86.Build.0 = Release|Win32
		{B6BBAE05-FEAB-4843-9EAB-62C115131BD1}.Debug|x64.ActiveCfg = Debug|x64
		{B6BBAE05-FEAB-4843-9EAB-62C115131BD1}.Debug|x64.Build.0 = Debug|x64
		{B6BBAE05-FEAB-4843-9EAB-62C115131BD1}.Debug|x86.ActiveCfg = Debug|Win32
		{B6BBAE05-FEAB-4843-9EAB-62C115131BD1}.Debug|x86.Build.0 = Debug|Win32
		{B6BBAE05-FEAB-4843-9EAB-62C115131BD1}.Release|x64.ActiveCfg = Release|x64
		{B6BBAE05-FEAB-4843-9EAB-62C115131BD1}.Release|x64.Build.0 = Release|x64
		{B6BBAE05-FEAB-4843-9EAB-62C115131BD1}.Release|x86.ActiveCfg = Release|Win32
		{B6BBAE05-FEAB-4843-9EAB-62C115131BD1}.Release|x86.Build.0 = Release|Win32
	EndGlobalSection
	GlobalSection(SolutionProperties) = preSolution
		HideSolutionNode = FALSE
	EndGlobalSection
	GlobalSection(ExtensibilityGlobals) = postSolution
		SolutionGuid = {467901B7-AE99-43AD-A37D-A187D1FDF6AE}
	EndGlobalSection
EndGlobal
